
Microsoft Visual Studio Solution File, Format Version 12.00
# Visual Studio Version 16
VisualStudioVersion = 16.0.31025.194
MinimumVisualStudioVersion = 10.0.40219.1
Project("{FAE04EC0-301F-11D3-BF4B-00C04F79EFBC}") = "CoinsTest", "CoinsTest\CoinsTest.csproj", "{C2C82171-5BAB-40AD-8D3E-5A9C6A10BB16}"
EndProject
Global
	GlobalSection(SolutionConfigurationPlatforms) = preSolution
		Debug|Any CPU = Debug|Any CPU
		Release|Any CPU = Release|Any CPU
	EndGlobalSection
	GlobalSection(ProjectConfigurationPlatforms) = postSolution
		{C2C82171-5BAB-40AD-8D3E-5A9C6A10BB16}.Debug|Any CPU.ActiveCfg = Debug|Any CPU
		{C2C82171-5BAB-40AD-8D3E-5A9C6A10BB16}.Debug|Any CPU.Build.0 = Debug|Any CPU
		{C2C82171-5BAB-40AD-8D3E-5A9C6A10BB16}.Release|Any CPU.ActiveCfg = Release|Any CPU
		{C2C82171-5BAB-40AD-8D3E-5A9C6A10BB16}.Release|Any CPU.Build.0 = Release|Any CPU
	EndGlobalSection
	GlobalSection(SolutionProperties) = preSolution
		HideSolutionNode = FALSE
	EndGlobalSection
	GlobalSection(ExtensibilityGlobals) = postSolution
		SolutionGuid = {8B3FC7A7-BE85-4A77-96CD-5F6A8605CE93}
	EndGlobalSection
EndGlobal
